
Microsoft Visual Studio Solution File, Format Version 12.00
# Visual Studio Version 17
VisualStudioVersion = 17.3.32929.385
MinimumVisualStudioVersion = 10.0.40219.1
Project("{FAE04EC0-301F-11D3-BF4B-00C04F79EFBC}") = "ASP_PZ_01", "ASP_PZ_01\ASP_PZ_01.csproj", "{C3685B88-C159-4E4F-AF67-F1B4C434EF7A}"
EndProject
Global
	GlobalSection(SolutionConfigurationPlatforms) = preSolution
		Debug|Any CPU = Debug|Any CPU
		Release|Any CPU = Release|Any CPU
	EndGlobalSection
	GlobalSection(ProjectConfigurationPlatforms) = postSolution
		{C3685B88-C159-4E4F-AF67-F1B4C434EF7A}.Debug|Any CPU.ActiveCfg = Debug|Any CPU
		{C3685B88-C159-4E4F-AF67-F1B4C434EF7A}.Debug|Any CPU.Build.0 = Debug|Any CPU
		{C3685B88-C159-4E4F-AF67-F1B4C434EF7A}.Release|Any CPU.ActiveCfg = Release|Any CPU
		{C3685B88-C159-4E4F-AF67-F1B4C434EF7A}.Release|Any CPU.Build.0 = Release|Any CPU
	EndGlobalSection
	GlobalSection(SolutionProperties) = preSolution
		HideSolutionNode = FALSE
	EndGlobalSection
	GlobalSection(ExtensibilityGlobals) = postSolution
		SolutionGuid = {B072A1ED-E574-4BFE-AA48-F389619A4325}
	EndGlobalSection
EndGlobal
